
Microsoft Visual Studio Solution File, Format Version 11.00
# Visual Studio 2010
Project("{8BC9CEB8-8B4A-11D0-8D11-00A0C91BC942}") = "Netsurvey", "Netsurvey\Netsurvey.vcxproj", "{E26AFAB3-6507-4282-94B5-8D3FF186D762}"
EndProject
Global
	GlobalSection(SolutionConfigurationPlatforms) = preSolution
		Debug|Win32 = Debug|Win32
		Release|Win32 = Release|Win32
	EndGlobalSection
	GlobalSection(ProjectConfigurationPlatforms) = postSolution
		{E26AFAB3-6507-4282-94B5-8D3FF186D762}.Debug|Win32.ActiveCfg = Debug|Win32
		{E26AFAB3-6507-4282-94B5-8D3FF186D762}.Debug|Win32.Build.0 = Debug|Win32
		{E26AFAB3-6507-4282-94B5-8D3FF186D762}.Release|Win32.ActiveCfg = Release|Win32
		{E26AFAB3-6507-4282-94B5-8D3FF186D762}.Release|Win32.Build.0 = Release|Win32
	EndGlobalSection
	GlobalSection(SolutionProperties) = preSolution
		HideSolutionNode = FALSE
	EndGlobalSection
EndGlobal
