<?xml version="1.0" encoding="utf-8"?>
<Project ToolsVersion="4.0" xmlns="http://schemas.microsoft.com/developer/msbuild/2003">
  <ItemGroup>
    <ClCompile Include="AbstractIPStyle.cpp">
      <Filter>Source Files</Filter>
    </ClCompile>
    <ClCompile Include="AbstractIPStyleDlg.cpp">
      <Filter>Source Files</Filter>
    </ClCompile>
    <ClCompile Include="CommandLine.cpp">
      <Filter>Source Files</Filter>
    </ClCompile>
    <ClCompile Include="CommonDlg.cpp">
      <Filter>Source Files</Filter>
    </ClCompile>
    <ClCompile Include="DisplayTABDlg.cpp">
      <Filter>Source Files</Filter>
    </ClCompile>
    <ClCompile Include="IPListDlg.cpp">
      <Filter>Source Files</Filter>
    </ClCompile>
    <ClCompile Include="IPListStyle.cpp">
      <Filter>Source Files</Filter>
    </ClCompile>
    <ClCompile Include="IPRandomDlg.cpp">
      <Filter>Source Files</Filter>
    </ClCompile>
    <ClCompile Include="IPRandomStyle.cpp">
      <Filter>Source Files</Filter>
    </ClCompile>
    <ClCompile Include="IPRangeDlg.cpp">
      <Filter>Source Files</Filter>
    </ClCompile>
    <ClCompile Include="IPRangeIPStyle.cpp">
      <Filter>Source Files</Filter>
    </ClCompile>
    <ClCompile Include="IPStyleDlgFactory.cpp">
      <Filter>Source Files</Filter>
    </ClCompile>
    <ClCompile Include="NetBIOSUtils.cpp">
      <Filter>Source Files</Filter>
    </ClCompile>
    <ClCompile Include="Options.cpp">
      <Filter>Source Files</Filter>
    </ClCompile>
    <ClCompile Include="PreferencesDlg.cpp">
      <Filter>Source Files</Filter>
    </ClCompile>
    <ClCompile Include="SaveToFile.cpp">
      <Filter>Source Files</Filter>
    </ClCompile>
    <ClCompile Include="ScanList.cpp">
      <Filter>Source Files</Filter>
    </ClCompile>
    <ClCompile Include="Scanner.cpp">
      <Filter>Source Files</Filter>
    </ClCompile>
    <ClCompile Include="ScanningTABDlg.cpp">
      <Filter>Source Files</Filter>
    </ClCompile>
    <ClCompile Include="ScanUtilsInternal.cpp">
      <Filter>Source Files</Filter>
    </ClCompile>
    <ClCompile Include="ScanUtilsPlugin.cpp">
      <Filter>Source Files</Filter>
    </ClCompile>
    <ClCompile Include="Netsurvey.cpp">
      <Filter>Source Files</Filter>
    </ClCompile>
    <ClCompile Include="NetsurveyDlg.cpp">
      <Filter>Source Files</Filter>
    </ClCompile>
    <ClCompile Include="SelectFetcherDlg.cpp">
      <Filter>Source Files</Filter>
    </ClCompile>
    <ClCompile Include="stdafx.cpp">
      <Filter>Source Files</Filter>
    </ClCompile>
    <ClCompile Include="IPDetailDlg.cpp">
      <Filter>Source Files</Filter>
    </ClCompile>
    <ClCompile Include="ScanStatisticsDlg.cpp">
      <Filter>Source Files</Filter>
    </ClCompile>
    <ClCompile Include="AddFavoriteDlg.cpp">
      <Filter>Source Files</Filter>
    </ClCompile>
    <ClCompile Include="FavoriteRenameDlg.cpp">
      <Filter>Source Files</Filter>
    </ClCompile>
    <ClCompile Include="DeleteFavoriteDlg.cpp">
      <Filter>Source Files</Filter>
    </ClCompile>
    <ClCompile Include="clientSocket.cpp">
      <Filter>Source Files</Filter>
    </ClCompile>
  </ItemGroup>
  <ItemGroup>
    <Filter Include="Header Files">
      <UniqueIdentifier>{94014f78-0f06-4486-82b2-324e14b135ed}</UniqueIdentifier>
      <Extensions>h;hpp;hxx;hm;inl;inc;xsd</Extensions>
    </Filter>
    <Filter Include="Resource Files">
      <UniqueIdentifier>{c772dc34-2550-4adf-8b31-430bba0c5cf4}</UniqueIdentifier>
      <Extensions>rc;ico;cur;bmp;dlg;rc2;rct;bin;rgs;gif;jpg;jpeg;jpe;resx;tiff;tif;png;wav;mfcribbon-ms</Extensions>
    </Filter>
    <Filter Include="Source Files">
      <UniqueIdentifier>{a7fcde29-56ba-4c86-bf71-5fa9f79bc1f2}</UniqueIdentifier>
      <Extensions>cpp;c;cc;cxx;def;odl;idl;hpj;bat;asm;asmx</Extensions>
    </Filter>
  </ItemGroup>
  <ItemGroup>
    <ClInclude Include="targetver.h">
      <Filter>Header Files</Filter>
    </ClInclude>
    <ClInclude Include="AbstractIPStyle.h">
      <Filter>Header Files</Filter>
    </ClInclude>
    <ClInclude Include="AbstractIPStyleDlg.h">
      <Filter>Header Files</Filter>
    </ClInclude>
    <ClInclude Include="CommandLine.h">
      <Filter>Header Files</Filter>
    </ClInclude>
    <ClInclude Include="CommonDlg.h">
      <Filter>Header Files</Filter>
    </ClInclude>
    <ClInclude Include="DisplayTABDlg.h">
      <Filter>Header Files</Filter>
    </ClInclude>
    <ClInclude Include="globals.h">
      <Filter>Header Files</Filter>
    </ClInclude>
    <ClInclude Include="IPListDlg.h">
      <Filter>Header Files</Filter>
    </ClInclude>
    <ClInclude Include="IPListStyle.h">
      <Filter>Header Files</Filter>
    </ClInclude>
    <ClInclude Include="IPRandomDlg.h">
      <Filter>Header Files</Filter>
    </ClInclude>
    <ClInclude Include="IPRandomStyle.h">
      <Filter>Header Files</Filter>
    </ClInclude>
    <ClInclude Include="IPRangeDlg.h">
      <Filter>Header Files</Filter>
    </ClInclude>
    <ClInclude Include="IPRangeIPStyle.h">
      <Filter>Header Files</Filter>
    </ClInclude>
    <ClInclude Include="IPStyleDlgFactory.h">
      <Filter>Header Files</Filter>
    </ClInclude>
    <ClInclude Include="ms_icmp.h">
      <Filter>Header Files</Filter>
    </ClInclude>
    <ClInclude Include="NetBIOSUtils.h">
      <Filter>Header Files</Filter>
    </ClInclude>
    <ClInclude Include="Options.h">
      <Filter>Header Files</Filter>
    </ClInclude>
    <ClInclude Include="plugin.h">
      <Filter>Header Files</Filter>
    </ClInclude>
    <ClInclude Include="PreferencesDlg.h">
      <Filter>Header Files</Filter>
    </ClInclude>
    <ClInclude Include="Resource.h">
      <Filter>Header Files</Filter>
    </ClInclude>
    <ClInclude Include="SaveToFile.h">
      <Filter>Header Files</Filter>
    </ClInclude>
    <ClInclude Include="ScanList.h">
      <Filter>Header Files</Filter>
    </ClInclude>
    <ClInclude Include="Scanner.h">
      <Filter>Header Files</Filter>
    </ClInclude>
    <ClInclude Include="ScanningTABDlg.h">
      <Filter>Header Files</Filter>
    </ClInclude>
    <ClInclude Include="ScanUtilsInternal.h">
      <Filter>Header Files</Filter>
    </ClInclude>
    <ClInclude Include="ScanUtilsPlugin.h">
      <Filter>Header Files</Filter>
    </ClInclude>
    <ClInclude Include="Netsurvey.h">
      <Filter>Header Files</Filter>
    </ClInclude>
    <ClInclude Include="NetsurveyDlg.h">
      <Filter>Header Files</Filter>
    </ClInclude>
    <ClInclude Include="SelectFetcherDlg.h">
      <Filter>Header Files</Filter>
    </ClInclude>
    <ClInclude Include="stdafx.h">
      <Filter>Header Files</Filter>
    </ClInclude>
    <ClInclude Include="IPDetailDlg.h">
      <Filter>Header Files</Filter>
    </ClInclude>
    <ClInclude Include="ScanStatisticsDlg.h">
      <Filter>Header Files</Filter>
    </ClInclude>
    <ClInclude Include="AddFavoriteDlg.h">
      <Filter>Header Files</Filter>
    </ClInclude>
    <ClInclude Include="FavoriteRenameDlg.h">
      <Filter>Header Files</Filter>
    </ClInclude>
    <ClInclude Include="DeleteFavoriteDlg.h">
      <Filter>Header Files</Filter>
    </ClInclude>
    <ClInclude Include="clientSocket.h">
      <Filter>Header Files</Filter>
    </ClInclude>
  </ItemGroup>
  <ItemGroup>
    <None Include="res\Netsurvey.ico">
      <Filter>Resource Files</Filter>
    </None>
    <None Include="ReadMe.txt" />
    <None Include="..\..\Image\buttons\fetchers.ico">
      <Filter>Resource Files</Filter>
    </None>
    <None Include="res\prefs.ico">
      <Filter>Resource Files</Filter>
    </None>
    <None Include="res\idr_main.ico">
      <Filter>Resource Files</Filter>
    </None>
    <None Include="res\fetchers.ico">
      <Filter>Resource Files</Filter>
    </None>
    <None Include="res\ipup.ico">
      <Filter>Resource Files</Filter>
    </None>
    <None Include="res\start.ico">
      <Filter>Resource Files</Filter>
    </None>
    <None Include="res\kill.ico">
      <Filter>Resource Files</Filter>
    </None>
    <None Include="res\stop.ico">
      <Filter>Resource Files</Filter>
    </None>
    <None Include="res\icon2.ico">
      <Filter>Resource Files</Filter>
    </None>
    <None Include="res\icon3.ico">
      <Filter>Resource Files</Filter>
    </None>
    <None Include="res\icon4.ico">
      <Filter>Resource Files</Filter>
    </None>
    <None Include="res\icon5.ico">
      <Filter>Resource Files</Filter>
    </None>
  </ItemGroup>
  <ItemGroup>
    <ResourceCompile Include="Netsurvey.rc">
      <Filter>Resource Files</Filter>
    </ResourceCompile>
  </ItemGroup>
</Project>